
Microsoft Visual Studio Solution File, Format Version 12.00
# Visual Studio 15
Project("{FAE04EC0-301F-11D3-BF4B-00C04F79EFBC}") = "UnityEngine.UI", "UnityEngine.UI.csproj", "{B2D75A78-2756-1151-D787-30DBC0A88946}"
EndProject
Project("{FAE04EC0-301F-11D3-BF4B-00C04F79EFBC}") = "ZibraAILiquid", "ZibraAILiquid.csproj", "{69032A03-97A1-A1E9-DFC1-4EDB98F87F04}"
EndProject
Project("{FAE04EC0-301F-11D3-BF4B-00C04F79EFBC}") = "Assembly-CSharp", "Assembly-CSharp.csproj", "{06341861-14B4-C83C-A248-19E5B4D42D2B}"
EndProject
Project("{FAE04EC0-301F-11D3-BF4B-00C04F79EFBC}") = "ZibraAILiquid.Samples", "ZibraAILiquid.Samples.csproj", "{A335C9D9-C513-BA02-1261-090E3DFDBDEE}"
EndProject
Project("{FAE04EC0-301F-11D3-BF4B-00C04F79EFBC}") = "ZibraAILiquid.Settings.Editor", "ZibraAILiquid.Settings.Editor.csproj", "{545D7B0B-FA36-ED12-F69A-ED6238467293}"
EndProject
Project("{FAE04EC0-301F-11D3-BF4B-00C04F79EFBC}") = "UnityEditor.UI", "UnityEditor.UI.csproj", "{D4168B55-411E-39E1-D96B-8FFC096FB766}"
EndProject
Project("{FAE04EC0-301F-11D3-BF4B-00C04F79EFBC}") = "Assembly-CSharp-Editor", "Assembly-CSharp-Editor.csproj", "{EA04709B-CDEF-1514-8ED4-E222D3EC2017}"
EndProject
Project("{FAE04EC0-301F-11D3-BF4B-00C04F79EFBC}") = "UnityEngine.UI", "UnityEngine.UI.Player.csproj", "{35E12628-D7B4-9558-86E7-B8A7E79F67C1}"
EndProject
Project("{FAE04EC0-301F-11D3-BF4B-00C04F79EFBC}") = "ZibraAILiquid", "ZibraAILiquid.Player.csproj", "{B7EF7705-D18C-3BBA-3723-A7E7B4D9A143}"
EndProject
Project("{FAE04EC0-301F-11D3-BF4B-00C04F79EFBC}") = "Assembly-CSharp", "Assembly-CSharp.Player.csproj", "{6A8F63E9-42B7-AB9A-8161-B55819DBC577}"
EndProject
Project("{FAE04EC0-301F-11D3-BF4B-00C04F79EFBC}") = "ZibraAILiquid.Samples", "ZibraAILiquid.Samples.Player.csproj", "{412C75EE-B33B-1F36-1155-5F637CA87E12}"
EndProject
Global
	GlobalSection(SolutionConfigurationPlatforms) = preSolution
		Debug|Any CPU = Debug|Any CPU
		Release|Any CPU = Release|Any CPU
	EndGlobalSection
	GlobalSection(ProjectConfigurationPlatforms) = postSolution
		{B2D75A78-2756-1151-D787-30DBC0A88946}.Debug|Any CPU.ActiveCfg = Debug|Any CPU
		{B2D75A78-2756-1151-D787-30DBC0A88946}.Debug|Any CPU.Build.0 = Debug|Any CPU
		{B2D75A78-2756-1151-D787-30DBC0A88946}.Release|Any CPU.ActiveCfg = Release|Any CPU
		{B2D75A78-2756-1151-D787-30DBC0A88946}.Release|Any CPU.Build.0 = Release|Any CPU
		{69032A03-97A1-A1E9-DFC1-4EDB98F87F04}.Debug|Any CPU.ActiveCfg = Debug|Any CPU
		{69032A03-97A1-A1E9-DFC1-4EDB98F87F04}.Debug|Any CPU.Build.0 = Debug|Any CPU
		{69032A03-97A1-A1E9-DFC1-4EDB98F87F04}.Release|Any CPU.ActiveCfg = Release|Any CPU
		{69032A03-97A1-A1E9-DFC1-4EDB98F87F04}.Release|Any CPU.Build.0 = Release|Any CPU
		{06341861-14B4-C83C-A248-19E5B4D42D2B}.Debug|Any CPU.ActiveCfg = Debug|Any CPU
		{06341861-14B4-C83C-A248-19E5B4D42D2B}.Debug|Any CPU.Build.0 = Debug|Any CPU
		{06341861-14B4-C83C-A248-19E5B4D42D2B}.Release|Any CPU.ActiveCfg = Release|Any CPU
		{06341861-14B4-C83C-A248-19E5B4D42D2B}.Release|Any CPU.Build.0 = Release|Any CPU
		{A335C9D9-C513-BA02-1261-090E3DFDBDEE}.Debug|Any CPU.ActiveCfg = Debug|Any CPU
		{A335C9D9-C513-BA02-1261-090E3DFDBDEE}.Debug|Any CPU.Build.0 = Debug|Any CPU
		{A335C9D9-C513-BA02-1261-090E3DFDBDEE}.Release|Any CPU.ActiveCfg = Release|Any CPU
		{A335C9D9-C513-BA02-1261-090E3DFDBDEE}.Release|Any CPU.Build.0 = Release|Any CPU
		{545D7B0B-FA36-ED12-F69A-ED6238467293}.Debug|Any CPU.ActiveCfg = Debug|Any CPU
		{545D7B0B-FA36-ED12-F69A-ED6238467293}.Debug|Any CPU.Build.0 = Debug|Any CPU
		{545D7B0B-FA36-ED12-F69A-ED6238467293}.Release|Any CPU.ActiveCfg = Release|Any CPU
		{545D7B0B-FA36-ED12-F69A-ED6238467293}.Release|Any CPU.Build.0 = Release|Any CPU
		{D4168B55-411E-39E1-D96B-8FFC096FB766}.Debug|Any CPU.ActiveCfg = Debug|Any CPU
		{D4168B55-411E-39E1-D96B-8FFC096FB766}.Debug|Any CPU.Build.0 = Debug|Any CPU
		{D4168B55-411E-39E1-D96B-8FFC096FB766}.Release|Any CPU.ActiveCfg = Release|Any CPU
		{D4168B55-411E-39E1-D96B-8FFC096FB766}.Release|Any CPU.Build.0 = Release|Any CPU
		{EA04709B-CDEF-1514-8ED4-E222D3EC2017}.Debug|Any CPU.ActiveCfg = Debug|Any CPU
		{EA04709B-CDEF-1514-8ED4-E222D3EC2017}.Debug|Any CPU.Build.0 = Debug|Any CPU
		{EA04709B-CDEF-1514-8ED4-E222D3EC2017}.Release|Any CPU.ActiveCfg = Release|Any CPU
		{EA04709B-CDEF-1514-8ED4-E222D3EC2017}.Release|Any CPU.Build.0 = Release|Any CPU
		{35E12628-D7B4-9558-86E7-B8A7E79F67C1}.Debug|Any CPU.ActiveCfg = Debug|Any CPU
		{35E12628-D7B4-9558-86E7-B8A7E79F67C1}.Debug|Any CPU.Build.0 = Debug|Any CPU
		{35E12628-D7B4-9558-86E7-B8A7E79F67C1}.Release|Any CPU.ActiveCfg = Release|Any CPU
		{35E12628-D7B4-9558-86E7-B8A7E79F67C1}.Release|Any CPU.Build.0 = Release|Any CPU
		{B7EF7705-D18C-3BBA-3723-A7E7B4D9A143}.Debug|Any CPU.ActiveCfg = Debug|Any CPU
		{B7EF7705-D18C-3BBA-3723-A7E7B4D9A143}.Debug|Any CPU.Build.0 = Debug|Any CPU
		{B7EF7705-D18C-3BBA-3723-A7E7B4D9A143}.Release|Any CPU.ActiveCfg = Release|Any CPU
		{B7EF7705-D18C-3BBA-3723-A7E7B4D9A143}.Release|Any CPU.Build.0 = Release|Any CPU
		{6A8F63E9-42B7-AB9A-8161-B55819DBC577}.Debug|Any CPU.ActiveCfg = Debug|Any CPU
		{6A8F63E9-42B7-AB9A-8161-B55819DBC577}.Debug|Any CPU.Build.0 = Debug|Any CPU
		{6A8F63E9-42B7-AB9A-8161-B55819DBC577}.Release|Any CPU.ActiveCfg = Release|Any CPU
		{6A8F63E9-42B7-AB9A-8161-B55819DBC577}.Release|Any CPU.Build.0 = Release|Any CPU
		{412C75EE-B33B-1F36-1155-5F637CA87E12}.Debug|Any CPU.ActiveCfg = Debug|Any CPU
		{412C75EE-B33B-1F36-1155-5F637CA87E12}.Debug|Any CPU.Build.0 = Debug|Any CPU
		{412C75EE-B33B-1F36-1155-5F637CA87E12}.Release|Any CPU.ActiveCfg = Release|Any CPU
		{412C75EE-B33B-1F36-1155-5F637CA87E12}.Release|Any CPU.Build.0 = Release|Any CPU
	EndGlobalSection
	GlobalSection(SolutionProperties) = preSolution
		HideSolutionNode = FALSE
	EndGlobalSection
EndGlobal
